
Microsoft Visual Studio Solution File, Format Version 12.00
# Visual Studio Version 17
VisualStudioVersion = 17.14.36518.9
MinimumVisualStudioVersion = 10.0.40219.1
Project("{FAE04EC0-301F-11D3-BF4B-00C04F79EFBC}") = "MvcPustokTask", "MvcPustokTask\MvcPustokTask.csproj", "{5C222BD2-FA5C-4300-9BA2-8C86AAD6095F}"
EndProject
Global
	GlobalSection(SolutionConfigurationPlatforms) = preSolution
		Debug|Any CPU = Debug|Any CPU
		Release|Any CPU = Release|Any CPU
	EndGlobalSection
	GlobalSection(ProjectConfigurationPlatforms) = postSolution
		{5C222BD2-FA5C-4300-9BA2-8C86AAD6095F}.Debug|Any CPU.ActiveCfg = Debug|Any CPU
		{5C222BD2-FA5C-4300-9BA2-8C86AAD6095F}.Debug|Any CPU.Build.0 = Debug|Any CPU
		{5C222BD2-FA5C-4300-9BA2-8C86AAD6095F}.Release|Any CPU.ActiveCfg = Release|Any CPU
		{5C222BD2-FA5C-4300-9BA2-8C86AAD6095F}.Release|Any CPU.Build.0 = Release|Any CPU
	EndGlobalSection
	GlobalSection(SolutionProperties) = preSolution
		HideSolutionNode = FALSE
	EndGlobalSection
	GlobalSection(ExtensibilityGlobals) = postSolution
		SolutionGuid = {E773A056-8675-4610-98AF-354A6A06131E}
	EndGlobalSection
EndGlobal
